{
  "name": "portway-docs",
  "version": "1.0.0",
  "lockfileVersion": 1,
  "requires": true,
  "dependencies": {
    "@openapitools/openapi-generator-cli": {
      "version": "0.0.21-4.1.2",
      "resolved": "https://registry.npmjs.org/@openapitools/openapi-generator-cli/-/openapi-generator-cli-0.0.21-4.1.2.tgz",
      "integrity": "sha512-kNIqujx+ol/w6fQPRs8u7CVfUJbi4gbPuAunkpKtmLrz3WWyXduNS23VCBr12M8c9ZZoip8bdfIhvdLM09FwNQ=="
    }
  }
}
